<?xml version="1.0" encoding="utf-8"?>
<Project ToolsVersion="15.0" xmlns="http://schemas.microsoft.com/developer/msbuild/2003">
  <ItemGroup>
    <Filter Include="Source Files">
      <UniqueIdentifier>{E62ED092-55F8-3D59-9922-A56C7F1FE7F1}</UniqueIdentifier>
    </Filter>
    <Filter Include="Header Files">
      <UniqueIdentifier>{6ebc7948-94ad-4cbc-b7da-cf55a7dd33d0}</UniqueIdentifier>
    </Filter>
  </ItemGroup>
  <ItemGroup>
    <ClCompile Include="src\skeletal-anim-processor.cpp">
      <Filter>Source Files</Filter>
    </ClCompile>
    <ClCompile Include="src\exclusion-visitor.cpp">
      <Filter>Source Files</Filter>
    </ClCompile>
    <ClCompile Include="src\fbx-sdk.cpp">
      <Filter>Source Files</Filter>
    </ClCompile>
    <ClCompile Include="src\hierarchy-hasher.cpp">
      <Filter>Source Files</Filter>
    </ClCompile>
    <ClCompile Include="src\hierarchy-writer.cpp">
      <Filter>Source Files</Filter>
    </ClCompile>
    <ClCompile Include="src\main.cpp">
      <Filter>Source Files</Filter>
    </ClCompile>
    <ClCompile Include="src\motion-buffer-sizer.cpp">
      <Filter>Source Files</Filter>
    </ClCompile>
    <ClCompile Include="src\motion-writer.cpp">
      <Filter>Source Files</Filter>
    </ClCompile>
    <ClCompile Include="src\options.cpp">
      <Filter>Source Files</Filter>
    </ClCompile>
    <ClCompile Include="src\visitor.cpp">
      <Filter>Source Files</Filter>
    </ClCompile>
    <ClCompile Include="src\csv-writer.cpp" />
  </ItemGroup>
  <ItemGroup>
    <ClInclude Include="src\exclusion-visitor.h">
      <Filter>Header Files</Filter>
    </ClInclude>
    <ClInclude Include="src\fbx-sdk.h">
      <Filter>Header Files</Filter>
    </ClInclude>
    <ClInclude Include="src\hash.h">
      <Filter>Header Files</Filter>
    </ClInclude>
    <ClInclude Include="src\hierarchy-hasher.h">
      <Filter>Header Files</Filter>
    </ClInclude>
    <ClInclude Include="src\hierarchy-writer.h">
      <Filter>Header Files</Filter>
    </ClInclude>
    <ClInclude Include="src\motion-buffer-sizer.h">
      <Filter>Header Files</Filter>
    </ClInclude>
    <ClInclude Include="src\motion-writer.h">
      <Filter>Header Files</Filter>
    </ClInclude>
    <ClInclude Include="src\skeletal-anim-processor.h">
      <Filter>Header Files</Filter>
    </ClInclude>
    <ClInclude Include="src\visitor.h">
      <Filter>Header Files</Filter>
    </ClInclude>
    <ClInclude Include="src\options.h">
      <Filter>Header Files</Filter>
    </ClInclude>
    <ClInclude Include="src\csv-writer.h">
      <Filter>Header Files</Filter>
    </ClInclude>
  </ItemGroup>
  <ItemGroup>
    <None Include="src\channels.inc">
      <Filter>Header Files</Filter>
    </None>
  </ItemGroup>
</Project>