
Microsoft Visual Studio Solution File, Format Version 12.00
# Visual Studio 15
VisualStudioVersion = 15.0.28307.1169
MinimumVisualStudioVersion = 10.0.40219.1
Project("{8BC9CEB8-8B4A-11D0-8D11-00A0C91BC942}") = "fbx2bvh", "fbx2bvh.vcxproj", "{DA18CB8A-0538-32D7-A2C4-FCF0EC419513}"
EndProject
Global
	GlobalSection(SolutionConfigurationPlatforms) = preSolution
		Debug|x86 = Debug|x86
		Release|x86 = Release|x86
		RelWithDebInfo|x86 = RelWithDebInfo|x86
	EndGlobalSection
	GlobalSection(ProjectConfigurationPlatforms) = postSolution
		{DA18CB8A-0538-32D7-A2C4-FCF0EC419513}.Debug|x86.ActiveCfg = Debug|Win32
		{DA18CB8A-0538-32D7-A2C4-FCF0EC419513}.Debug|x86.Build.0 = Debug|Win32
		{DA18CB8A-0538-32D7-A2C4-FCF0EC419513}.Release|x86.ActiveCfg = Release|Win32
		{DA18CB8A-0538-32D7-A2C4-FCF0EC419513}.Release|x86.Build.0 = Release|Win32
		{DA18CB8A-0538-32D7-A2C4-FCF0EC419513}.RelWithDebInfo|x86.ActiveCfg = RelWithDebInfo|Win32
		{DA18CB8A-0538-32D7-A2C4-FCF0EC419513}.RelWithDebInfo|x86.Build.0 = RelWithDebInfo|Win32
	EndGlobalSection
	GlobalSection(SolutionProperties) = preSolution
		HideSolutionNode = FALSE
	EndGlobalSection
	GlobalSection(ExtensibilityGlobals) = postSolution
		SolutionGuid = {9FEF0E24-B6A9-4322-AC20-31927B7499D7}
	EndGlobalSection
EndGlobal
